
Microsoft Visual Studio Solution File, Format Version 12.00
# Visual Studio Version 17
VisualStudioVersion = 17.14.36930.0
MinimumVisualStudioVersion = 10.0.40219.1
Project("{2150E333-8FDC-42A3-9474-1A3956D46DE8}") = "Services", "Services", "{02EA681E-C7D8-13C7-8484-4AC65E1B71E8}"
EndProject
Project("{2150E333-8FDC-42A3-9474-1A3956D46DE8}") = "Frontend", "Frontend", "{AAEF5F41-C64C-4393-804D-D0F9754DADCD}"
EndProject
Project("{2150E333-8FDC-42A3-9474-1A3956D46DE8}") = "IdentityServer", "IdentityServer", "{5E07D21F-2D1C-4F76-ACAB-C2433F2681AF}"
EndProject
Project("{2150E333-8FDC-42A3-9474-1A3956D46DE8}") = "Basket", "Basket", "{9D43B8AC-AC4C-4398-92F2-4C92F04C3CEB}"
EndProject
Project("{2150E333-8FDC-42A3-9474-1A3956D46DE8}") = "Catalog", "Catalog", "{A39EFE48-49BF-49E5-947F-3E5C18EF2BFB}"
EndProject
Project("{2150E333-8FDC-42A3-9474-1A3956D46DE8}") = "Discount", "Discount", "{612A4A05-0B72-4B60-9622-7096B94F5290}"
EndProject
Project("{2150E333-8FDC-42A3-9474-1A3956D46DE8}") = "Order", "Order", "{032A13DC-B101-4676-8EA4-10677BC713C2}"
EndProject
Project("{2150E333-8FDC-42A3-9474-1A3956D46DE8}") = "Cargo", "Cargo", "{9388AFC6-8132-4EFE-880F-4767FE560263}"
EndProject
Project("{FAE04EC0-301F-11D3-BF4B-00C04F79EFBC}") = "ECommerce.Catalog", "Services\Catalog\ECommerce.Catalog\ECommerce.Catalog.csproj", "{71A11B0E-6D34-49AD-9ED2-8ADC3C26806A}"
EndProject
Project("{2150E333-8FDC-42A3-9474-1A3956D46DE8}") = "Shared", "Shared", "{2FF8F063-03A4-44E2-960B-F996882BAA75}"
	ProjectSection(SolutionItems) = preProject
		Ports.txt = Ports.txt
	EndProjectSection
EndProject
Project("{2150E333-8FDC-42A3-9474-1A3956D46DE8}") = "Core", "Core", "{8FB2C907-DCD9-4FA8-9B3C-B6DA7AEC0085}"
EndProject
Project("{2150E333-8FDC-42A3-9474-1A3956D46DE8}") = "Infrastructure", "Infrastructure", "{1EDC60B6-7278-48D9-8317-E28B7668193C}"
EndProject
Project("{2150E333-8FDC-42A3-9474-1A3956D46DE8}") = "Presentation", "Presentation", "{BC1D96CE-3671-4C89-8F68-3493419E720F}"
EndProject
Project("{FAE04EC0-301F-11D3-BF4B-00C04F79EFBC}") = "ECommerce.Order.Domain", "Services\Order\Core\ECommerce.Order.Domain\ECommerce.Order.Domain.csproj", "{B3DC8E67-504C-40AB-A0F6-08557B248334}"
EndProject
Project("{FAE04EC0-301F-11D3-BF4B-00C04F79EFBC}") = "ECommerce.Order.Application", "Services\Order\Core\ECommerce.Order.Application\ECommerce.Order.Application.csproj", "{C39057CE-2245-46C5-9D16-217A73ED4BD7}"
EndProject
Project("{FAE04EC0-301F-11D3-BF4B-00C04F79EFBC}") = "ECommerce.Order.Persistence", "Services\Order\Infrastructure\ECommerce.Order.Persistence\ECommerce.Order.Persistence.csproj", "{3861F82E-5E40-41C3-8A44-BEDCA1C5B76D}"
EndProject
Project("{FAE04EC0-301F-11D3-BF4B-00C04F79EFBC}") = "ECommerce.Order.API", "Services\Order\Presentation\ECommerce.Order.API\ECommerce.Order.API.csproj", "{CE0C6DEE-14B6-4659-BF3E-E934EE5794FC}"
EndProject
Project("{FAE04EC0-301F-11D3-BF4B-00C04F79EFBC}") = "ECommerce.IdentityServer", "IdentityServer\ECommerce.IdentityServer\ECommerce.IdentityServer.csproj", "{7A59FE07-7EDD-DA0B-6465-363AE1E5CEC5}"
EndProject
Project("{FAE04EC0-301F-11D3-BF4B-00C04F79EFBC}") = "ECommerce.Basket", "Services\Basket\ECommerce.Basket\ECommerce.Basket.csproj", "{F62C72B8-E995-4DFF-B58C-693BF704C320}"
EndProject
Global
	GlobalSection(SolutionConfigurationPlatforms) = preSolution
		Debug|Any CPU = Debug|Any CPU
		Release|Any CPU = Release|Any CPU
	EndGlobalSection
	GlobalSection(ProjectConfigurationPlatforms) = postSolution
		{71A11B0E-6D34-49AD-9ED2-8ADC3C26806A}.Debug|Any CPU.ActiveCfg = Debug|Any CPU
		{71A11B0E-6D34-49AD-9ED2-8ADC3C26806A}.Debug|Any CPU.Build.0 = Debug|Any CPU
		{71A11B0E-6D34-49AD-9ED2-8ADC3C26806A}.Release|Any CPU.ActiveCfg = Release|Any CPU
		{71A11B0E-6D34-49AD-9ED2-8ADC3C26806A}.Release|Any CPU.Build.0 = Release|Any CPU
		{B3DC8E67-504C-40AB-A0F6-08557B248334}.Debug|Any CPU.ActiveCfg = Debug|Any CPU
		{B3DC8E67-504C-40AB-A0F6-08557B248334}.Debug|Any CPU.Build.0 = Debug|Any CPU
		{B3DC8E67-504C-40AB-A0F6-08557B248334}.Release|Any CPU.ActiveCfg = Release|Any CPU
		{B3DC8E67-504C-40AB-A0F6-08557B248334}.Release|Any CPU.Build.0 = Release|Any CPU
		{C39057CE-2245-46C5-9D16-217A73ED4BD7}.Debug|Any CPU.ActiveCfg = Debug|Any CPU
		{C39057CE-2245-46C5-9D16-217A73ED4BD7}.Debug|Any CPU.Build.0 = Debug|Any CPU
		{C39057CE-2245-46C5-9D16-217A73ED4BD7}.Release|Any CPU.ActiveCfg = Release|Any CPU
		{C39057CE-2245-46C5-9D16-217A73ED4BD7}.Release|Any CPU.Build.0 = Release|Any CPU
		{3861F82E-5E40-41C3-8A44-BEDCA1C5B76D}.Debug|Any CPU.ActiveCfg = Debug|Any CPU
		{3861F82E-5E40-41C3-8A44-BEDCA1C5B76D}.Debug|Any CPU.Build.0 = Debug|Any CPU
		{3861F82E-5E40-41C3-8A44-BEDCA1C5B76D}.Release|Any CPU.ActiveCfg = Release|Any CPU
		{3861F82E-5E40-41C3-8A44-BEDCA1C5B76D}.Release|Any CPU.Build.0 = Release|Any CPU
		{CE0C6DEE-14B6-4659-BF3E-E934EE5794FC}.Debug|Any CPU.ActiveCfg = Debug|Any CPU
		{CE0C6DEE-14B6-4659-BF3E-E934EE5794FC}.Debug|Any CPU.Build.0 = Debug|Any CPU
		{CE0C6DEE-14B6-4659-BF3E-E934EE5794FC}.Release|Any CPU.ActiveCfg = Release|Any CPU
		{CE0C6DEE-14B6-4659-BF3E-E934EE5794FC}.Release|Any CPU.Build.0 = Release|Any CPU
		{7A59FE07-7EDD-DA0B-6465-363AE1E5CEC5}.Debug|Any CPU.ActiveCfg = Debug|Any CPU
		{7A59FE07-7EDD-DA0B-6465-363AE1E5CEC5}.Debug|Any CPU.Build.0 = Debug|Any CPU
		{7A59FE07-7EDD-DA0B-6465-363AE1E5CEC5}.Release|Any CPU.ActiveCfg = Release|Any CPU
		{7A59FE07-7EDD-DA0B-6465-363AE1E5CEC5}.Release|Any CPU.Build.0 = Release|Any CPU
		{F62C72B8-E995-4DFF-B58C-693BF704C320}.Debug|Any CPU.ActiveCfg = Debug|Any CPU
		{F62C72B8-E995-4DFF-B58C-693BF704C320}.Debug|Any CPU.Build.0 = Debug|Any CPU
		{F62C72B8-E995-4DFF-B58C-693BF704C320}.Release|Any CPU.ActiveCfg = Release|Any CPU
		{F62C72B8-E995-4DFF-B58C-693BF704C320}.Release|Any CPU.Build.0 = Release|Any CPU
	EndGlobalSection
	GlobalSection(SolutionProperties) = preSolution
		HideSolutionNode = FALSE
	EndGlobalSection
	GlobalSection(NestedProjects) = preSolution
		{9D43B8AC-AC4C-4398-92F2-4C92F04C3CEB} = {02EA681E-C7D8-13C7-8484-4AC65E1B71E8}
		{A39EFE48-49BF-49E5-947F-3E5C18EF2BFB} = {02EA681E-C7D8-13C7-8484-4AC65E1B71E8}
		{612A4A05-0B72-4B60-9622-7096B94F5290} = {02EA681E-C7D8-13C7-8484-4AC65E1B71E8}
		{032A13DC-B101-4676-8EA4-10677BC713C2} = {02EA681E-C7D8-13C7-8484-4AC65E1B71E8}
		{9388AFC6-8132-4EFE-880F-4767FE560263} = {02EA681E-C7D8-13C7-8484-4AC65E1B71E8}
		{71A11B0E-6D34-49AD-9ED2-8ADC3C26806A} = {A39EFE48-49BF-49E5-947F-3E5C18EF2BFB}
		{8FB2C907-DCD9-4FA8-9B3C-B6DA7AEC0085} = {032A13DC-B101-4676-8EA4-10677BC713C2}
		{1EDC60B6-7278-48D9-8317-E28B7668193C} = {032A13DC-B101-4676-8EA4-10677BC713C2}
		{BC1D96CE-3671-4C89-8F68-3493419E720F} = {032A13DC-B101-4676-8EA4-10677BC713C2}
		{B3DC8E67-504C-40AB-A0F6-08557B248334} = {8FB2C907-DCD9-4FA8-9B3C-B6DA7AEC0085}
		{C39057CE-2245-46C5-9D16-217A73ED4BD7} = {8FB2C907-DCD9-4FA8-9B3C-B6DA7AEC0085}
		{3861F82E-5E40-41C3-8A44-BEDCA1C5B76D} = {1EDC60B6-7278-48D9-8317-E28B7668193C}
		{CE0C6DEE-14B6-4659-BF3E-E934EE5794FC} = {BC1D96CE-3671-4C89-8F68-3493419E720F}
		{7A59FE07-7EDD-DA0B-6465-363AE1E5CEC5} = {5E07D21F-2D1C-4F76-ACAB-C2433F2681AF}
		{F62C72B8-E995-4DFF-B58C-693BF704C320} = {9D43B8AC-AC4C-4398-92F2-4C92F04C3CEB}
	EndGlobalSection
	GlobalSection(ExtensibilityGlobals) = postSolution
		SolutionGuid = {A3267A7C-478B-4AB7-AA3C-31A4E61EBDAE}
	EndGlobalSection
EndGlobal
